
Microsoft Visual Studio Solution File, Format Version 12.00
# Visual Studio Version 17
VisualStudioVersion = 17.1.32421.90
MinimumVisualStudioVersion = 10.0.40219.1
Project("{FAE04EC0-301F-11D3-BF4B-00C04F79EFBC}") = "OtusHomeWork_5", "OtusHomeWork_5\OtusHomeWork_5.csproj", "{CE1052A5-3C82-413E-909B-7E1D492ECFAD}"
EndProject
Global
	GlobalSection(SolutionConfigurationPlatforms) = preSolution
		Debug|Any CPU = Debug|Any CPU
		Release|Any CPU = Release|Any CPU
	EndGlobalSection
	GlobalSection(ProjectConfigurationPlatforms) = postSolution
		{CE1052A5-3C82-413E-909B-7E1D492ECFAD}.Debug|Any CPU.ActiveCfg = Debug|Any CPU
		{CE1052A5-3C82-413E-909B-7E1D492ECFAD}.Debug|Any CPU.Build.0 = Debug|Any CPU
		{CE1052A5-3C82-413E-909B-7E1D492ECFAD}.Release|Any CPU.ActiveCfg = Release|Any CPU
		{CE1052A5-3C82-413E-909B-7E1D492ECFAD}.Release|Any CPU.Build.0 = Release|Any CPU
	EndGlobalSection
	GlobalSection(SolutionProperties) = preSolution
		HideSolutionNode = FALSE
	EndGlobalSection
	GlobalSection(ExtensibilityGlobals) = postSolution
		SolutionGuid = {24E62DD3-86C2-4D61-9735-11612417A552}
	EndGlobalSection
EndGlobal
